// !$*UTF8*$!
{
	archiveVersion = 1;
	classes = {
	};
	objectVersion = 51;
	objects = {

/* Begin PBXBuildFile section */
		2D9F06C90045A9A15179FDBB /* Pods_Alsharif.framework in Frameworks */ = {isa = PBXBuildFile; fileRef = 88BF6CBB3E5C70218CCDD3F4 /* Pods_Alsharif.framework */; };
		32423B112791EFDF001CB8FD /* swissra-font-normal.otf in Resources */ = {isa = PBXBuildFile; fileRef = 32423B102791EFDF001CB8FD /* swissra-font-normal.otf */; };
		32732883279A18D6005066D8 /* AppData.swift in Sources */ = {isa = PBXBuildFile; fileRef = 32732882279A18D6005066D8 /* AppData.swift */; };
		32732888279A198F005066D8 /* OnBoardingVC.swift in Sources */ = {isa = PBXBuildFile; fileRef = 32732887279A198F005066D8 /* OnBoardingVC.swift */; };
		3273288C279A19A4005066D8 /* OnBoardingVC.xib in Resources */ = {isa = PBXBuildFile; fileRef = 3273288B279A19A4005066D8 /* OnBoardingVC.xib */; };
		32732891279A1D35005066D8 /* Extensions.swift in Sources */ = {isa = PBXBuildFile; fileRef = 32732890279A1D35005066D8 /* Extensions.swift */; };
		32732897279A200E005066D8 /* Storyboarded.swift in Sources */ = {isa = PBXBuildFile; fileRef = 32732896279A200E005066D8 /* Storyboarded.swift */; };
		3275C2F7279C149B008A4EB0 /* OTPCard.swift in Sources */ = {isa = PBXBuildFile; fileRef = 3275C2F5279C149B008A4EB0 /* OTPCard.swift */; };
		3275C2F8279C149B008A4EB0 /* OTPCard.xib in Resources */ = {isa = PBXBuildFile; fileRef = 3275C2F6279C149B008A4EB0 /* OTPCard.xib */; };
		3275C2FB279C187C008A4EB0 /* OtpTF.swift in Sources */ = {isa = PBXBuildFile; fileRef = 3275C2FA279C187B008A4EB0 /* OtpTF.swift */; };
		3275C2FE279C4334008A4EB0 /* UserNameViewController.swift in Sources */ = {isa = PBXBuildFile; fileRef = 3275C2FD279C4334008A4EB0 /* UserNameViewController.swift */; };
		327FA54E2792263D0083C456 /* RoundButton.swift in Sources */ = {isa = PBXBuildFile; fileRef = 327FA54D2792263D0083C456 /* RoundButton.swift */; };
		32808BED278F6D96001D95A6 /* AppDelegate.swift in Sources */ = {isa = PBXBuildFile; fileRef = 32808BEC278F6D96001D95A6 /* AppDelegate.swift */; };
		32808BEF278F6D96001D95A6 /* SceneDelegate.swift in Sources */ = {isa = PBXBuildFile; fileRef = 32808BEE278F6D96001D95A6 /* SceneDelegate.swift */; };
		32808BF1278F6D96001D95A6 /* ViewController.swift in Sources */ = {isa = PBXBuildFile; fileRef = 32808BF0278F6D96001D95A6 /* ViewController.swift */; };
		32808BF4278F6D96001D95A6 /* Main.storyboard in Resources */ = {isa = PBXBuildFile; fileRef = 32808BF2278F6D96001D95A6 /* Main.storyboard */; };
		32808BF6278F6D98001D95A6 /* Assets.xcassets in Resources */ = {isa = PBXBuildFile; fileRef = 32808BF5278F6D98001D95A6 /* Assets.xcassets */; };
		32808BF9278F6D98001D95A6 /* LaunchScreen.storyboard in Resources */ = {isa = PBXBuildFile; fileRef = 32808BF7278F6D98001D95A6 /* LaunchScreen.storyboard */; };
		3282D49427A0A22800986CE6 /* HeaderMenuViewController.swift in Sources */ = {isa = PBXBuildFile; fileRef = 3282D49227A0A22800986CE6 /* HeaderMenuViewController.swift */; };
		3282D49527A0A22800986CE6 /* HeaderMenuViewController.xib in Resources */ = {isa = PBXBuildFile; fileRef = 3282D49327A0A22800986CE6 /* HeaderMenuViewController.xib */; };
		32991373279B54F10000635D /* Auth.storyboard in Resources */ = {isa = PBXBuildFile; fileRef = 32991371279B54F10000635D /* Auth.storyboard */; };
		3299137A279B55A30000635D /* SignUPVC.swift in Sources */ = {isa = PBXBuildFile; fileRef = 32991378279B55A30000635D /* SignUPVC.swift */; };
		3299137B279B55A30000635D /* SignInVC.swift in Sources */ = {isa = PBXBuildFile; fileRef = 32991379279B55A30000635D /* SignInVC.swift */; };
		3299137F279B57350000635D /* AlertsPresenting.swift in Sources */ = {isa = PBXBuildFile; fileRef = 3299137E279B57350000635D /* AlertsPresenting.swift */; };
		32991388279B583B0000635D /* LoginCard.swift in Sources */ = {isa = PBXBuildFile; fileRef = 32991386279B583B0000635D /* LoginCard.swift */; };
		32991389279B583B0000635D /* LoginCard.xib in Resources */ = {isa = PBXBuildFile; fileRef = 32991387279B583B0000635D /* LoginCard.xib */; };
		3299138C279B58A70000635D /* UIViewFromNib.swift in Sources */ = {isa = PBXBuildFile; fileRef = 3299138B279B58A70000635D /* UIViewFromNib.swift */; };
		32991395279B593A0000635D /* MainTF.swift in Sources */ = {isa = PBXBuildFile; fileRef = 32991393279B593A0000635D /* MainTF.swift */; };
		32991396279B593A0000635D /* UIViewDesignable.swift in Sources */ = {isa = PBXBuildFile; fileRef = 32991394279B593A0000635D /* UIViewDesignable.swift */; };
		32991399279B59DA0000635D /* ColorSystem.swift in Sources */ = {isa = PBXBuildFile; fileRef = 32991398279B59DA0000635D /* ColorSystem.swift */; };
		3299139C279B5A4F0000635D /* Validator.swift in Sources */ = {isa = PBXBuildFile; fileRef = 3299139B279B5A4F0000635D /* Validator.swift */; };
/* End PBXBuildFile section */

/* Begin PBXFileReference section */
		2B84CA1EBA71330F9799A1C1 /* Pods-Alsharif.release.xcconfig */ = {isa = PBXFileReference; includeInIndex = 1; lastKnownFileType = text.xcconfig; name = "Pods-Alsharif.release.xcconfig"; path = "Target Support Files/Pods-Alsharif/Pods-Alsharif.release.xcconfig"; sourceTree = "<group>"; };
		32423B102791EFDF001CB8FD /* swissra-font-normal.otf */ = {isa = PBXFileReference; lastKnownFileType = file; path = "swissra-font-normal.otf"; sourceTree = "<group>"; };
		32732882279A18D6005066D8 /* AppData.swift */ = {isa = PBXFileReference; fileEncoding = 4; lastKnownFileType = sourcecode.swift; path = AppData.swift; sourceTree = "<group>"; };
		32732887279A198F005066D8 /* OnBoardingVC.swift */ = {isa = PBXFileReference; fileEncoding = 4; lastKnownFileType = sourcecode.swift; path = OnBoardingVC.swift; sourceTree = "<group>"; };
		3273288B279A19A4005066D8 /* OnBoardingVC.xib */ = {isa = PBXFileReference; fileEncoding = 4; lastKnownFileType = file.xib; path = OnBoardingVC.xib; sourceTree = "<group>"; };
		32732890279A1D35005066D8 /* Extensions.swift */ = {isa = PBXFileReference; fileEncoding = 4; lastKnownFileType = sourcecode.swift; path = Extensions.swift; sourceTree = "<group>"; };
		32732896279A200E005066D8 /* Storyboarded.swift */ = {isa = PBXFileReference; fileEncoding = 4; lastKnownFileType = sourcecode.swift; path = Storyboarded.swift; sourceTree = "<group>"; };
		3275C2F5279C149B008A4EB0 /* OTPCard.swift */ = {isa = PBXFileReference; lastKnownFileType = sourcecode.swift; path = OTPCard.swift; sourceTree = "<group>"; };
		3275C2F6279C149B008A4EB0 /* OTPCard.xib */ = {isa = PBXFileReference; lastKnownFileType = file.xib; path = OTPCard.xib; sourceTree = "<group>"; };
		3275C2FA279C187B008A4EB0 /* OtpTF.swift */ = {isa = PBXFileReference; lastKnownFileType = sourcecode.swift; path = OtpTF.swift; sourceTree = "<group>"; };
		3275C2FD279C4334008A4EB0 /* UserNameViewController.swift */ = {isa = PBXFileReference; lastKnownFileType = sourcecode.swift; path = UserNameViewController.swift; sourceTree = "<group>"; };
		327FA54D2792263D0083C456 /* RoundButton.swift */ = {isa = PBXFileReference; lastKnownFileType = sourcecode.swift; path = RoundButton.swift; sourceTree = "<group>"; };
		32808BE9278F6D96001D95A6 /* Alsharif.app */ = {isa = PBXFileReference; explicitFileType = wrapper.application; includeInIndex = 0; path = Alsharif.app; sourceTree = BUILT_PRODUCTS_DIR; };
		32808BEC278F6D96001D95A6 /* AppDelegate.swift */ = {isa = PBXFileReference; lastKnownFileType = sourcecode.swift; path = AppDelegate.swift; sourceTree = "<group>"; };
		32808BEE278F6D96001D95A6 /* SceneDelegate.swift */ = {isa = PBXFileReference; lastKnownFileType = sourcecode.swift; path = SceneDelegate.swift; sourceTree = "<group>"; };
		32808BF0278F6D96001D95A6 /* ViewController.swift */ = {isa = PBXFileReference; lastKnownFileType = sourcecode.swift; path = ViewController.swift; sourceTree = "<group>"; };
		32808BF3278F6D96001D95A6 /* Base */ = {isa = PBXFileReference; lastKnownFileType = file.storyboard; name = Base; path = Base.lproj/Main.storyboard; sourceTree = "<group>"; };
		32808BF5278F6D98001D95A6 /* Assets.xcassets */ = {isa = PBXFileReference; lastKnownFileType = folder.assetcatalog; path = Assets.xcassets; sourceTree = "<group>"; };
		32808BF8278F6D98001D95A6 /* Base */ = {isa = PBXFileReference; lastKnownFileType = file.storyboard; name = Base; path = Base.lproj/LaunchScreen.storyboard; sourceTree = "<group>"; };
		32808BFA278F6D98001D95A6 /* Info.plist */ = {isa = PBXFileReference; lastKnownFileType = text.plist.xml; path = Info.plist; sourceTree = "<group>"; };
		3282D49227A0A22800986CE6 /* HeaderMenuViewController.swift */ = {isa = PBXFileReference; lastKnownFileType = sourcecode.swift; path = HeaderMenuViewController.swift; sourceTree = "<group>"; };
		3282D49327A0A22800986CE6 /* HeaderMenuViewController.xib */ = {isa = PBXFileReference; lastKnownFileType = file.xib; path = HeaderMenuViewController.xib; sourceTree = "<group>"; };
		32991371279B54F10000635D /* Auth.storyboard */ = {isa = PBXFileReference; fileEncoding = 4; lastKnownFileType = file.storyboard; path = Auth.storyboard; sourceTree = "<group>"; };
		32991378279B55A30000635D /* SignUPVC.swift */ = {isa = PBXFileReference; fileEncoding = 4; lastKnownFileType = sourcecode.swift; path = SignUPVC.swift; sourceTree = "<group>"; };
		32991379279B55A30000635D /* SignInVC.swift */ = {isa = PBXFileReference; fileEncoding = 4; lastKnownFileType = sourcecode.swift; path = SignInVC.swift; sourceTree = "<group>"; };
		3299137E279B57350000635D /* AlertsPresenting.swift */ = {isa = PBXFileReference; fileEncoding = 4; lastKnownFileType = sourcecode.swift; path = AlertsPresenting.swift; sourceTree = "<group>"; };
		32991386279B583B0000635D /* LoginCard.swift */ = {isa = PBXFileReference; fileEncoding = 4; lastKnownFileType = sourcecode.swift; path = LoginCard.swift; sourceTree = "<group>"; };
		32991387279B583B0000635D /* LoginCard.xib */ = {isa = PBXFileReference; fileEncoding = 4; lastKnownFileType = file.xib; path = LoginCard.xib; sourceTree = "<group>"; };
		3299138B279B58A70000635D /* UIViewFromNib.swift */ = {isa = PBXFileReference; fileEncoding = 4; lastKnownFileType = sourcecode.swift; path = UIViewFromNib.swift; sourceTree = "<group>"; };
		32991393279B593A0000635D /* MainTF.swift */ = {isa = PBXFileReference; fileEncoding = 4; lastKnownFileType = sourcecode.swift; path = MainTF.swift; sourceTree = "<group>"; };
		32991394279B593A0000635D /* UIViewDesignable.swift */ = {isa = PBXFileReference; fileEncoding = 4; lastKnownFileType = sourcecode.swift; path = UIViewDesignable.swift; sourceTree = "<group>"; };
		32991398279B59DA0000635D /* ColorSystem.swift */ = {isa = PBXFileReference; fileEncoding = 4; lastKnownFileType = sourcecode.swift; path = ColorSystem.swift; sourceTree = "<group>"; };
		3299139B279B5A4F0000635D /* Validator.swift */ = {isa = PBXFileReference; fileEncoding = 4; lastKnownFileType = sourcecode.swift; path = Validator.swift; sourceTree = "<group>"; };
		88BF6CBB3E5C70218CCDD3F4 /* Pods_Alsharif.framework */ = {isa = PBXFileReference; explicitFileType = wrapper.framework; includeInIndex = 0; path = Pods_Alsharif.framework; sourceTree = BUILT_PRODUCTS_DIR; };
		CCED35B2D1D516D1C0B4FA2C /* Pods-Alsharif.debug.xcconfig */ = {isa = PBXFileReference; includeInIndex = 1; lastKnownFileType = text.xcconfig; name = "Pods-Alsharif.debug.xcconfig"; path = "Target Support Files/Pods-Alsharif/Pods-Alsharif.debug.xcconfig"; sourceTree = "<group>"; };
/* End PBXFileReference section */

/* Begin PBXFrameworksBuildPhase section */
		32808BE6278F6D96001D95A6 /* Frameworks */ = {
			isa = PBXFrameworksBuildPhase;
			buildActionMask = 2147483647;
			files = (
				2D9F06C90045A9A15179FDBB /* Pods_Alsharif.framework in Frameworks */,
			);
			runOnlyForDeploymentPostprocessing = 0;
		};
/* End PBXFrameworksBuildPhase section */

/* Begin PBXGroup section */
		32423B0F2791EFCB001CB8FD /* fonts */ = {
			isa = PBXGroup;
			children = (
				32423B102791EFDF001CB8FD /* swissra-font-normal.otf */,
			);
			path = fonts;
			sourceTree = "<group>";
		};
		32732886279A198F005066D8 /* controller */ = {
			isa = PBXGroup;
			children = (
				328CFB9927A2E5230072FC5D /* Main */,
				32991377279B55850000635D /* Auth */,
				32732887279A198F005066D8 /* OnBoardingVC.swift */,
			);
			path = controller;
			sourceTree = "<group>";
		};
		3273288A279A19A4005066D8 /* view */ = {
			isa = PBXGroup;
			children = (
				32991385279B57AF0000635D /* Auth */,
				3273288B279A19A4005066D8 /* OnBoardingVC.xib */,
				3282D49227A0A22800986CE6 /* HeaderMenuViewController.swift */,
				3282D49327A0A22800986CE6 /* HeaderMenuViewController.xib */,
			);
			path = view;
			sourceTree = "<group>";
		};
		327FA54C279226210083C456 /* helper */ = {
			isa = PBXGroup;
			children = (
				3299139B279B5A4F0000635D /* Validator.swift */,
				32991398279B59DA0000635D /* ColorSystem.swift */,
				3299138B279B58A70000635D /* UIViewFromNib.swift */,
				32732896279A200E005066D8 /* Storyboarded.swift */,
				32732890279A1D35005066D8 /* Extensions.swift */,
				32732882279A18D6005066D8 /* AppData.swift */,
				327FA54D2792263D0083C456 /* RoundButton.swift */,
			);
			path = helper;
			sourceTree = "<group>";
		};
		32808BE0278F6D96001D95A6 = {
			isa = PBXGroup;
			children = (
				32808BEB278F6D96001D95A6 /* Alsharif */,
				32808BEA278F6D96001D95A6 /* Products */,
				6C4081F0D566A5EE1A049AC9 /* Pods */,
				B8BA7F1E6D662A36AF91CF56 /* Frameworks */,
			);
			sourceTree = "<group>";
		};
		32808BEA278F6D96001D95A6 /* Products */ = {
			isa = PBXGroup;
			children = (
				32808BE9278F6D96001D95A6 /* Alsharif.app */,
			);
			name = Products;
			sourceTree = "<group>";
		};
		32808BEB278F6D96001D95A6 /* Alsharif */ = {
			isa = PBXGroup;
			children = (
				32991392279B590C0000635D /* Component */,
				3299137D279B56730000635D /* protocol */,
				3299136E279B54F10000635D /* storyboard */,
				3273288A279A19A4005066D8 /* view */,
				32732886279A198F005066D8 /* controller */,
				327FA54C279226210083C456 /* helper */,
				32423B0F2791EFCB001CB8FD /* fonts */,
				32808BEC278F6D96001D95A6 /* AppDelegate.swift */,
				32808BEE278F6D96001D95A6 /* SceneDelegate.swift */,
				32808BF0278F6D96001D95A6 /* ViewController.swift */,
				32808BF5278F6D98001D95A6 /* Assets.xcassets */,
				32808BF7278F6D98001D95A6 /* LaunchScreen.storyboard */,
				32808BFA278F6D98001D95A6 /* Info.plist */,
			);
			path = Alsharif;
			sourceTree = "<group>";
		};
		328CFB9927A2E5230072FC5D /* Main */ = {
			isa = PBXGroup;
			children = (
				328CFB9A27A2E52A0072FC5D /* ListOfRealState */,
			);
			path = Main;
			sourceTree = "<group>";
		};
		328CFB9A27A2E52A0072FC5D /* ListOfRealState */ = {
			isa = PBXGroup;
			children = (
				328CFB9B27A2EDF40072FC5D /* Cell */,
			);
			path = ListOfRealState;
			sourceTree = "<group>";
		};
		328CFB9B27A2EDF40072FC5D /* Cell */ = {
			isa = PBXGroup;
			children = (
			);
			path = Cell;
			sourceTree = "<group>";
		};
		3299136E279B54F10000635D /* storyboard */ = {
			isa = PBXGroup;
			children = (
				32808BF2278F6D96001D95A6 /* Main.storyboard */,
				32991371279B54F10000635D /* Auth.storyboard */,
			);
			path = storyboard;
			sourceTree = "<group>";
		};
		32991377279B55850000635D /* Auth */ = {
			isa = PBXGroup;
			children = (
				32991379279B55A30000635D /* SignInVC.swift */,
				32991378279B55A30000635D /* SignUPVC.swift */,
				3275C2FD279C4334008A4EB0 /* UserNameViewController.swift */,
			);
			path = Auth;
			sourceTree = "<group>";
		};
		3299137D279B56730000635D /* protocol */ = {
			isa = PBXGroup;
			children = (
				3299137E279B57350000635D /* AlertsPresenting.swift */,
			);
			path = protocol;
			sourceTree = "<group>";
		};
		32991385279B57AF0000635D /* Auth */ = {
			isa = PBXGroup;
			children = (
				32991386279B583B0000635D /* LoginCard.swift */,
				32991387279B583B0000635D /* LoginCard.xib */,
				3275C2F5279C149B008A4EB0 /* OTPCard.swift */,
				3275C2F6279C149B008A4EB0 /* OTPCard.xib */,
			);
			path = Auth;
			sourceTree = "<group>";
		};
		32991392279B590C0000635D /* Component */ = {
			isa = PBXGroup;
			children = (
				32991393279B593A0000635D /* MainTF.swift */,
				32991394279B593A0000635D /* UIViewDesignable.swift */,
				3275C2FA279C187B008A4EB0 /* OtpTF.swift */,
			);
			path = Component;
			sourceTree = "<group>";
		};
		6C4081F0D566A5EE1A049AC9 /* Pods */ = {
			isa = PBXGroup;
			children = (
				CCED35B2D1D516D1C0B4FA2C /* Pods-Alsharif.debug.xcconfig */,
				2B84CA1EBA71330F9799A1C1 /* Pods-Alsharif.release.xcconfig */,
			);
			path = Pods;
			sourceTree = "<group>";
		};
		B8BA7F1E6D662A36AF91CF56 /* Frameworks */ = {
			isa = PBXGroup;
			children = (
				88BF6CBB3E5C70218CCDD3F4 /* Pods_Alsharif.framework */,
			);
			name = Frameworks;
			sourceTree = "<group>";
		};
/* End PBXGroup section */

/* Begin PBXNativeTarget section */
		32808BE8278F6D96001D95A6 /* Alsharif */ = {
			isa = PBXNativeTarget;
			buildConfigurationList = 32808BFD278F6D98001D95A6 /* Build configuration list for PBXNativeTarget "Alsharif" */;
			buildPhases = (
				58F73115BBD4250AE8AD5020 /* [CP] Check Pods Manifest.lock */,
				32808BE5278F6D96001D95A6 /* Sources */,
				32808BE6278F6D96001D95A6 /* Frameworks */,
				32808BE7278F6D96001D95A6 /* Resources */,
				51FC50D219191324C1C853AF /* [CP] Embed Pods Frameworks */,
			);
			buildRules = (
			);
			dependencies = (
			);
			name = Alsharif;
			productName = Mashi;
			productReference = 32808BE9278F6D96001D95A6 /* Alsharif.app */;
			productType = "com.apple.product-type.application";
		};
/* End PBXNativeTarget section */

/* Begin PBXProject section */
		32808BE1278F6D96001D95A6 /* Project object */ = {
			isa = PBXProject;
			attributes = {
				LastSwiftUpdateCheck = 1240;
				LastUpgradeCheck = 1240;
				TargetAttributes = {
					32808BE8278F6D96001D95A6 = {
						CreatedOnToolsVersion = 12.4;
					};
				};
			};
			buildConfigurationList = 32808BE4278F6D96001D95A6 /* Build configuration list for PBXProject "Alsharif" */;
			compatibilityVersion = "Xcode 9.3";
			developmentRegion = en;
			hasScannedForEncodings = 0;
			knownRegions = (
				en,
				Base,
			);
			mainGroup = 32808BE0278F6D96001D95A6;
			productRefGroup = 32808BEA278F6D96001D95A6 /* Products */;
			projectDirPath = "";
			projectRoot = "";
			targets = (
				32808BE8278F6D96001D95A6 /* Alsharif */,
			);
		};
/* End PBXProject section */

/* Begin PBXResourcesBuildPhase section */
		32808BE7278F6D96001D95A6 /* Resources */ = {
			isa = PBXResourcesBuildPhase;
			buildActionMask = 2147483647;
			files = (
				32808BF9278F6D98001D95A6 /* LaunchScreen.storyboard in Resources */,
				3275C2F8279C149B008A4EB0 /* OTPCard.xib in Resources */,
				3282D49527A0A22800986CE6 /* HeaderMenuViewController.xib in Resources */,
				32808BF6278F6D98001D95A6 /* Assets.xcassets in Resources */,
				3273288C279A19A4005066D8 /* OnBoardingVC.xib in Resources */,
				32991389279B583B0000635D /* LoginCard.xib in Resources */,
				32808BF4278F6D96001D95A6 /* Main.storyboard in Resources */,
				32423B112791EFDF001CB8FD /* swissra-font-normal.otf in Resources */,
				32991373279B54F10000635D /* Auth.storyboard in Resources */,
			);
			runOnlyForDeploymentPostprocessing = 0;
		};
/* End PBXResourcesBuildPhase section */

/* Begin PBXShellScriptBuildPhase section */
		51FC50D219191324C1C853AF /* [CP] Embed Pods Frameworks */ = {
			isa = PBXShellScriptBuildPhase;
			buildActionMask = 2147483647;
			files = (
			);
			inputFileListPaths = (
				"${PODS_ROOT}/Target Support Files/Pods-Alsharif/Pods-Alsharif-frameworks-${CONFIGURATION}-input-files.xcfilelist",
			);
			name = "[CP] Embed Pods Frameworks";
			outputFileListPaths = (
				"${PODS_ROOT}/Target Support Files/Pods-Alsharif/Pods-Alsharif-frameworks-${CONFIGURATION}-output-files.xcfilelist",
			);
			runOnlyForDeploymentPostprocessing = 0;
			shellPath = /bin/sh;
			shellScript = "\"${PODS_ROOT}/Target Support Files/Pods-Alsharif/Pods-Alsharif-frameworks.sh\"\n";
			showEnvVarsInLog = 0;
		};
		58F73115BBD4250AE8AD5020 /* [CP] Check Pods Manifest.lock */ = {
			isa = PBXShellScriptBuildPhase;
			buildActionMask = 2147483647;
			files = (
			);
			inputFileListPaths = (
			);
			inputPaths = (
				"${PODS_PODFILE_DIR_PATH}/Podfile.lock",
				"${PODS_ROOT}/Manifest.lock",
			);
			name = "[CP] Check Pods Manifest.lock";
			outputFileListPaths = (
			);
			outputPaths = (
				"$(DERIVED_FILE_DIR)/Pods-Alsharif-checkManifestLockResult.txt",
			);
			runOnlyForDeploymentPostprocessing = 0;
			shellPath = /bin/sh;
			shellScript = "diff \"${PODS_PODFILE_DIR_PATH}/Podfile.lock\" \"${PODS_ROOT}/Manifest.lock\" > /dev/null\nif [ $? != 0 ] ; then\n    # print error to STDERR\n    echo \"error: The sandbox is not in sync with the Podfile.lock. Run 'pod install' or update your CocoaPods installation.\" >&2\n    exit 1\nfi\n# This output is used by Xcode 'outputs' to avoid re-running this script phase.\necho \"SUCCESS\" > \"${SCRIPT_OUTPUT_FILE_0}\"\n";
			showEnvVarsInLog = 0;
		};
/* End PBXShellScriptBuildPhase section */

/* Begin PBXSourcesBuildPhase section */
		32808BE5278F6D96001D95A6 /* Sources */ = {
			isa = PBXSourcesBuildPhase;
			buildActionMask = 2147483647;
			files = (
				3282D49427A0A22800986CE6 /* HeaderMenuViewController.swift in Sources */,
				32991399279B59DA0000635D /* ColorSystem.swift in Sources */,
				327FA54E2792263D0083C456 /* RoundButton.swift in Sources */,
				32991388279B583B0000635D /* LoginCard.swift in Sources */,
				3299137F279B57350000635D /* AlertsPresenting.swift in Sources */,
				3299137A279B55A30000635D /* SignUPVC.swift in Sources */,
				32808BF1278F6D96001D95A6 /* ViewController.swift in Sources */,
				3275C2FB279C187C008A4EB0 /* OtpTF.swift in Sources */,
				32991396279B593A0000635D /* UIViewDesignable.swift in Sources */,
				32808BED278F6D96001D95A6 /* AppDelegate.swift in Sources */,
				32991395279B593A0000635D /* MainTF.swift in Sources */,
				3299137B279B55A30000635D /* SignInVC.swift in Sources */,
				32732888279A198F005066D8 /* OnBoardingVC.swift in Sources */,
				3299138C279B58A70000635D /* UIViewFromNib.swift in Sources */,
				3299139C279B5A4F0000635D /* Validator.swift in Sources */,
				3275C2FE279C4334008A4EB0 /* UserNameViewController.swift in Sources */,
				3275C2F7279C149B008A4EB0 /* OTPCard.swift in Sources */,
				32808BEF278F6D96001D95A6 /* SceneDelegate.swift in Sources */,
				32732883279A18D6005066D8 /* AppData.swift in Sources */,
				32732891279A1D35005066D8 /* Extensions.swift in Sources */,
				32732897279A200E005066D8 /* Storyboarded.swift in Sources */,
			);
			runOnlyForDeploymentPostprocessing = 0;
		};
/* End PBXSourcesBuildPhase section */

/* Begin PBXVariantGroup section */
		32808BF2278F6D96001D95A6 /* Main.storyboard */ = {
			isa = PBXVariantGroup;
			children = (
				32808BF3278F6D96001D95A6 /* Base */,
			);
			name = Main.storyboard;
			sourceTree = "<group>";
		};
		32808BF7278F6D98001D95A6 /* LaunchScreen.storyboard */ = {
			isa = PBXVariantGroup;
			children = (
				32808BF8278F6D98001D95A6 /* Base */,
			);
			name = LaunchScreen.storyboard;
			sourceTree = "<group>";
		};
/* End PBXVariantGroup section */

/* Begin XCBuildConfiguration section */
		32808BFB278F6D98001D95A6 /* Debug */ = {
			isa = XCBuildConfiguration;
			buildSettings = {
				ALWAYS_SEARCH_USER_PATHS = NO;
				CLANG_ANALYZER_NONNULL = YES;
				CLANG_ANALYZER_NUMBER_OBJECT_CONVERSION = YES_AGGRESSIVE;
				CLANG_CXX_LANGUAGE_STANDARD = "gnu++14";
				CLANG_CXX_LIBRARY = "libc++";
				CLANG_ENABLE_MODULES = YES;
				CLANG_ENABLE_OBJC_ARC = YES;
				CLANG_ENABLE_OBJC_WEAK = YES;
				CLANG_WARN_BLOCK_CAPTURE_AUTORELEASING = YES;
				CLANG_WARN_BOOL_CONVERSION = YES;
				CLANG_WARN_COMMA = YES;
				CLANG_WARN_CONSTANT_CONVERSION = YES;
				CLANG_WARN_DEPRECATED_OBJC_IMPLEMENTATIONS = YES;
				CLANG_WARN_DIRECT_OBJC_ISA_USAGE = YES_ERROR;
				CLANG_WARN_DOCUMENTATION_COMMENTS = YES;
				CLANG_WARN_EMPTY_BODY = YES;
				CLANG_WARN_ENUM_CONVERSION = YES;
				CLANG_WARN_INFINITE_RECURSION = YES;
				CLANG_WARN_INT_CONVERSION = YES;
				CLANG_WARN_NON_LITERAL_NULL_CONVERSION = YES;
				CLANG_WARN_OBJC_IMPLICIT_RETAIN_SELF = YES;
				CLANG_WARN_OBJC_LITERAL_CONVERSION = YES;
				CLANG_WARN_OBJC_ROOT_CLASS = YES_ERROR;
				CLANG_WARN_QUOTED_INCLUDE_IN_FRAMEWORK_HEADER = YES;
				CLANG_WARN_RANGE_LOOP_ANALYSIS = YES;
				CLANG_WARN_STRICT_PROTOTYPES = YES;
				CLANG_WARN_SUSPICIOUS_MOVE = YES;
				CLANG_WARN_UNGUARDED_AVAILABILITY = YES_AGGRESSIVE;
				CLANG_WARN_UNREACHABLE_CODE = YES;
				CLANG_WARN__DUPLICATE_METHOD_MATCH = YES;
				COPY_PHASE_STRIP = NO;
				DEBUG_INFORMATION_FORMAT = dwarf;
				ENABLE_STRICT_OBJC_MSGSEND = YES;
				ENABLE_TESTABILITY = YES;
				GCC_C_LANGUAGE_STANDARD = gnu11;
				GCC_DYNAMIC_NO_PIC = NO;
				GCC_NO_COMMON_BLOCKS = YES;
				GCC_OPTIMIZATION_LEVEL = 0;
				GCC_PREPROCESSOR_DEFINITIONS = (
					"DEBUG=1",
					"$(inherited)",
				);
				GCC_WARN_64_TO_32_BIT_CONVERSION = YES;
				GCC_WARN_ABOUT_RETURN_TYPE = YES_ERROR;
				GCC_WARN_UNDECLARED_SELECTOR = YES;
				GCC_WARN_UNINITIALIZED_AUTOS = YES_AGGRESSIVE;
				GCC_WARN_UNUSED_FUNCTION = YES;
				GCC_WARN_UNUSED_VARIABLE = YES;
				IPHONEOS_DEPLOYMENT_TARGET = 14.4;
				MTL_ENABLE_DEBUG_INFO = INCLUDE_SOURCE;
				MTL_FAST_MATH = YES;
				ONLY_ACTIVE_ARCH = YES;
				SDKROOT = iphoneos;
				SWIFT_ACTIVE_COMPILATION_CONDITIONS = DEBUG;
				SWIFT_OPTIMIZATION_LEVEL = "-Onone";
			};
			name = Debug;
		};
		32808BFC278F6D98001D95A6 /* Release */ = {
			isa = XCBuildConfiguration;
			buildSettings = {
				ALWAYS_SEARCH_USER_PATHS = NO;
				CLANG_ANALYZER_NONNULL = YES;
				CLANG_ANALYZER_NUMBER_OBJECT_CONVERSION = YES_AGGRESSIVE;
				CLANG_CXX_LANGUAGE_STANDARD = "gnu++14";
				CLANG_CXX_LIBRARY = "libc++";
				CLANG_ENABLE_MODULES = YES;
				CLANG_ENABLE_OBJC_ARC = YES;
				CLANG_ENABLE_OBJC_WEAK = YES;
				CLANG_WARN_BLOCK_CAPTURE_AUTORELEASING = YES;
				CLANG_WARN_BOOL_CONVERSION = YES;
				CLANG_WARN_COMMA = YES;
				CLANG_WARN_CONSTANT_CONVERSION = YES;
				CLANG_WARN_DEPRECATED_OBJC_IMPLEMENTATIONS = YES;
				CLANG_WARN_DIRECT_OBJC_ISA_USAGE = YES_ERROR;
				CLANG_WARN_DOCUMENTATION_COMMENTS = YES;
				CLANG_WARN_EMPTY_BODY = YES;
				CLANG_WARN_ENUM_CONVERSION = YES;
				CLANG_WARN_INFINITE_RECURSION = YES;
				CLANG_WARN_INT_CONVERSION = YES;
				CLANG_WARN_NON_LITERAL_NULL_CONVERSION = YES;
				CLANG_WARN_OBJC_IMPLICIT_RETAIN_SELF = YES;
				CLANG_WARN_OBJC_LITERAL_CONVERSION = YES;
				CLANG_WARN_OBJC_ROOT_CLASS = YES_ERROR;
				CLANG_WARN_QUOTED_INCLUDE_IN_FRAMEWORK_HEADER = YES;
				CLANG_WARN_RANGE_LOOP_ANALYSIS = YES;
				CLANG_WARN_STRICT_PROTOTYPES = YES;
				CLANG_WARN_SUSPICIOUS_MOVE = YES;
				CLANG_WARN_UNGUARDED_AVAILABILITY = YES_AGGRESSIVE;
				CLANG_WARN_UNREACHABLE_CODE = YES;
				CLANG_WARN__DUPLICATE_METHOD_MATCH = YES;
				COPY_PHASE_STRIP = NO;
				DEBUG_INFORMATION_FORMAT = "dwarf-with-dsym";
				ENABLE_NS_ASSERTIONS = NO;
				ENABLE_STRICT_OBJC_MSGSEND = YES;
				GCC_C_LANGUAGE_STANDARD = gnu11;
				GCC_NO_COMMON_BLOCKS = YES;
				GCC_WARN_64_TO_32_BIT_CONVERSION = YES;
				GCC_WARN_ABOUT_RETURN_TYPE = YES_ERROR;
				GCC_WARN_UNDECLARED_SELECTOR = YES;
				GCC_WARN_UNINITIALIZED_AUTOS = YES_AGGRESSIVE;
				GCC_WARN_UNUSED_FUNCTION = YES;
				GCC_WARN_UNUSED_VARIABLE = YES;
				IPHONEOS_DEPLOYMENT_TARGET = 14.4;
				MTL_ENABLE_DEBUG_INFO = NO;
				MTL_FAST_MATH = YES;
				SDKROOT = iphoneos;
				SWIFT_COMPILATION_MODE = wholemodule;
				SWIFT_OPTIMIZATION_LEVEL = "-O";
				VALIDATE_PRODUCT = YES;
			};
			name = Release;
		};
		32808BFE278F6D98001D95A6 /* Debug */ = {
			isa = XCBuildConfiguration;
			baseConfigurationReference = CCED35B2D1D516D1C0B4FA2C /* Pods-Alsharif.debug.xcconfig */;
			buildSettings = {
				ASSETCATALOG_COMPILER_APPICON_NAME = AppIcon;
				ASSETCATALOG_COMPILER_GLOBAL_ACCENT_COLOR_NAME = AccentColor;
				CODE_SIGN_STYLE = Automatic;
				DEVELOPMENT_TEAM = FL6L6BVPSN;
				INFOPLIST_FILE = "$(SRCROOT)/Alsharif/Info.plist";
				LD_RUNPATH_SEARCH_PATHS = (
					"$(inherited)",
					"@executable_path/Frameworks",
				);
				PRODUCT_BUNDLE_IDENTIFIER = anas.alsharif;
				PRODUCT_NAME = "$(TARGET_NAME)";
				SWIFT_VERSION = 5.0;
				TARGETED_DEVICE_FAMILY = "1,2";
			};
			name = Debug;
		};
		32808BFF278F6D98001D95A6 /* Release */ = {
			isa = XCBuildConfiguration;
			baseConfigurationReference = 2B84CA1EBA71330F9799A1C1 /* Pods-Alsharif.release.xcconfig */;
			buildSettings = {
				ASSETCATALOG_COMPILER_APPICON_NAME = AppIcon;
				ASSETCATALOG_COMPILER_GLOBAL_ACCENT_COLOR_NAME = AccentColor;
				CODE_SIGN_STYLE = Automatic;
				DEVELOPMENT_TEAM = FL6L6BVPSN;
				INFOPLIST_FILE = "$(SRCROOT)/Alsharif/Info.plist";
				LD_RUNPATH_SEARCH_PATHS = (
					"$(inherited)",
					"@executable_path/Frameworks",
				);
				PRODUCT_BUNDLE_IDENTIFIER = anas.alsharif;
				PRODUCT_NAME = "$(TARGET_NAME)";
				SWIFT_VERSION = 5.0;
				TARGETED_DEVICE_FAMILY = "1,2";
			};
			name = Release;
		};
/* End XCBuildConfiguration section */

/* Begin XCConfigurationList section */
		32808BE4278F6D96001D95A6 /* Build configuration list for PBXProject "Alsharif" */ = {
			isa = XCConfigurationList;
			buildConfigurations = (
				32808BFB278F6D98001D95A6 /* Debug */,
				32808BFC278F6D98001D95A6 /* Release */,
			);
			defaultConfigurationIsVisible = 0;
			defaultConfigurationName = Release;
		};
		32808BFD278F6D98001D95A6 /* Build configuration list for PBXNativeTarget "Alsharif" */ = {
			isa = XCConfigurationList;
			buildConfigurations = (
				32808BFE278F6D98001D95A6 /* Debug */,
				32808BFF278F6D98001D95A6 /* Release */,
			);
			defaultConfigurationIsVisible = 0;
			defaultConfigurationName = Release;
		};
/* End XCConfigurationList section */
	};
	rootObject = 32808BE1278F6D96001D95A6 /* Project object */;
}
